
Microsoft Visual Studio Solution File, Format Version 12.00
# Visual Studio Version 17
VisualStudioVersion = 17.3.32519.111
MinimumVisualStudioVersion = 10.0.40219.1
Project("{FAE04EC0-301F-11D3-BF4B-00C04F79EFBC}") = "panic-at-the-loadbalancer", "panic-at-the-loadbalancer.csproj", "{33917B6D-50D3-4517-88BB-382A65A828C3}"
EndProject
Global
	GlobalSection(SolutionConfigurationPlatforms) = preSolution
		Debug|Any CPU = Debug|Any CPU
		Release|Any CPU = Release|Any CPU
	EndGlobalSection
	GlobalSection(ProjectConfigurationPlatforms) = postSolution
		{33917B6D-50D3-4517-88BB-382A65A828C3}.Debug|Any CPU.ActiveCfg = Debug|Any CPU
		{33917B6D-50D3-4517-88BB-382A65A828C3}.Debug|Any CPU.Build.0 = Debug|Any CPU
		{33917B6D-50D3-4517-88BB-382A65A828C3}.Release|Any CPU.ActiveCfg = Release|Any CPU
		{33917B6D-50D3-4517-88BB-382A65A828C3}.Release|Any CPU.Build.0 = Release|Any CPU
	EndGlobalSection
	GlobalSection(SolutionProperties) = preSolution
		HideSolutionNode = FALSE
	EndGlobalSection
	GlobalSection(ExtensibilityGlobals) = postSolution
		SolutionGuid = {285F59AF-7455-4E7F-9C2D-23A313221347}
	EndGlobalSection
EndGlobal
